
Microsoft Visual Studio Solution File, Format Version 12.00
# Visual Studio Version 16
VisualStudioVersion = 16.0.30907.101
MinimumVisualStudioVersion = 10.0.40219.1
Project("{FAE04EC0-301F-11D3-BF4B-00C04F79EFBC}") = "NossaBib", "NossaBib\NossaBib.csproj", "{755483DA-3FCA-4BEF-AFBC-71B108C0B7FD}"
EndProject
Global
	GlobalSection(SolutionConfigurationPlatforms) = preSolution
		Debug|Any CPU = Debug|Any CPU
		Release|Any CPU = Release|Any CPU
	EndGlobalSection
	GlobalSection(ProjectConfigurationPlatforms) = postSolution
		{755483DA-3FCA-4BEF-AFBC-71B108C0B7FD}.Debug|Any CPU.ActiveCfg = Debug|Any CPU
		{755483DA-3FCA-4BEF-AFBC-71B108C0B7FD}.Debug|Any CPU.Build.0 = Debug|Any CPU
		{755483DA-3FCA-4BEF-AFBC-71B108C0B7FD}.Release|Any CPU.ActiveCfg = Release|Any CPU
		{755483DA-3FCA-4BEF-AFBC-71B108C0B7FD}.Release|Any CPU.Build.0 = Release|Any CPU
	EndGlobalSection
	GlobalSection(SolutionProperties) = preSolution
		HideSolutionNode = FALSE
	EndGlobalSection
	GlobalSection(ExtensibilityGlobals) = postSolution
		SolutionGuid = {2CE4738A-481B-426A-816D-4C00A5B45DFE}
	EndGlobalSection
EndGlobal
